# This file is autogenerated, do not edit; changes may be undone by the next 'dep ensure'.


[[projects]]
  branch = "master"
  name = "github.com/juju/ratelimit"
  packages = ["."]
  revision = "59fac5042749a5afb9af70e813da1dd5474f0167"

[[projects]]
  branch = "master"
  name = "github.com/rjeczalik/notify"
  packages = ["."]
  revision = "e1801ee34d54c4bf45126ef51fe9750b4e42bee8"

[[projects]]
  branch = "master"
  name = "golang.org/x/sys"
  packages = ["unix"]
  revision = "83801418e1b59fb1880e363299581ee543af32ca"

[[projects]]
  branch = "master"
  name = "k8s.io/apimachinery"
  packages = ["pkg/util/clock"]
  revision = "bc1325710437b54535daa5d6877ca62df7bd76db"

[[projects]]
  name = "k8s.io/client-go"
  packages = ["util/flowcontrol","util/integer"]
  revision = "78700dec6369ba22221b72770783300f143df150"
  version = "v6.0.0"

[solve-meta]
  analyzer-name = "dep"
  analyzer-version = 1
  inputs-digest = "3fa2004a4046481047878851bb37f4bc29a72e178aa6a1c85491b15df285b125"
  solver-name = "gps-cdcl"
  solver-version = 1
